
Microsoft Visual Studio Solution File, Format Version 12.00
# Visual Studio Version 17
VisualStudioVersion = 17.1.32210.238
MinimumVisualStudioVersion = 10.0.40219.1
Project("{FAE04EC0-301F-11D3-BF4B-00C04F79EFBC}") = "DONGJIN_MES", "DONGJIN_MES\DONGJIN_MES.csproj", "{1AE32E84-A935-4442-8D49-DF5CEA8AF10B}"
EndProject
Global
	GlobalSection(SolutionConfigurationPlatforms) = preSolution
		Debug|Any CPU = Debug|Any CPU
		Release|Any CPU = Release|Any CPU
	EndGlobalSection
	GlobalSection(ProjectConfigurationPlatforms) = postSolution
		{1AE32E84-A935-4442-8D49-DF5CEA8AF10B}.Debug|Any CPU.ActiveCfg = Debug|Any CPU
		{1AE32E84-A935-4442-8D49-DF5CEA8AF10B}.Debug|Any CPU.Build.0 = Debug|Any CPU
		{1AE32E84-A935-4442-8D49-DF5CEA8AF10B}.Release|Any CPU.ActiveCfg = Release|Any CPU
		{1AE32E84-A935-4442-8D49-DF5CEA8AF10B}.Release|Any CPU.Build.0 = Release|Any CPU
	EndGlobalSection
	GlobalSection(SolutionProperties) = preSolution
		HideSolutionNode = FALSE
	EndGlobalSection
	GlobalSection(ExtensibilityGlobals) = postSolution
		SolutionGuid = {E52BFB89-98CC-4A3F-859C-A3A0A3CE9DB3}
	EndGlobalSection
EndGlobal
